
Microsoft Visual Studio Solution File, Format Version 12.00
# Visual Studio Version 16
VisualStudioVersion = 16.0.29409.12
MinimumVisualStudioVersion = 10.0.40219.1
Project("{FAE04EC0-301F-11D3-BF4B-00C04F79EFBC}") = "OneNoteObject", "OneNotePage\OneNoteObject.csproj", "{6A98FF40-A664-4628-B826-9389808B6D2F}"
EndProject
Project("{FAE04EC0-301F-11D3-BF4B-00C04F79EFBC}") = "OnomTests", "OnomTests\OnomTests.csproj", "{DEBB6763-B6EC-4535-AFAD-6444783DEE6E}"
EndProject
Global
	GlobalSection(SolutionConfigurationPlatforms) = preSolution
		Debug|Any CPU = Debug|Any CPU
		Release|Any CPU = Release|Any CPU
	EndGlobalSection
	GlobalSection(ProjectConfigurationPlatforms) = postSolution
		{6A98FF40-A664-4628-B826-9389808B6D2F}.Debug|Any CPU.ActiveCfg = Debug|Any CPU
		{6A98FF40-A664-4628-B826-9389808B6D2F}.Debug|Any CPU.Build.0 = Debug|Any CPU
		{6A98FF40-A664-4628-B826-9389808B6D2F}.Release|Any CPU.ActiveCfg = Debug|Any CPU
		{6A98FF40-A664-4628-B826-9389808B6D2F}.Release|Any CPU.Build.0 = Debug|Any CPU
		{DEBB6763-B6EC-4535-AFAD-6444783DEE6E}.Debug|Any CPU.ActiveCfg = Debug|Any CPU
		{DEBB6763-B6EC-4535-AFAD-6444783DEE6E}.Debug|Any CPU.Build.0 = Debug|Any CPU
		{DEBB6763-B6EC-4535-AFAD-6444783DEE6E}.Release|Any CPU.ActiveCfg = Release|Any CPU
		{DEBB6763-B6EC-4535-AFAD-6444783DEE6E}.Release|Any CPU.Build.0 = Release|Any CPU
	EndGlobalSection
	GlobalSection(SolutionProperties) = preSolution
		HideSolutionNode = FALSE
	EndGlobalSection
	GlobalSection(ExtensibilityGlobals) = postSolution
		SolutionGuid = {B74FE4BD-4B2A-4842-B9F8-0C08ACB0593D}
	EndGlobalSection
EndGlobal
